// !$*UTF8*$!
{
	archiveVersion = 1;
	classes = {
	};
	objectVersion = 50;
	objects = {

/* Begin PBXBuildFile section */
		4203FE66252EED1E00746551 /* AppDelegate.swift in Sources */ = {isa = PBXBuildFile; fileRef = 4203FE65252EED1E00746551 /* AppDelegate.swift */; };
		4203FE68252EED1E00746551 /* SceneDelegate.swift in Sources */ = {isa = PBXBuildFile; fileRef = 4203FE67252EED1E00746551 /* SceneDelegate.swift */; };
		4203FE6A252EED1E00746551 /* ViewController.swift in Sources */ = {isa = PBXBuildFile; fileRef = 4203FE69252EED1E00746551 /* ViewController.swift */; };
		4203FE6D252EED1E00746551 /* Main.storyboard in Resources */ = {isa = PBXBuildFile; fileRef = 4203FE6B252EED1E00746551 /* Main.storyboard */; };
		4203FE6F252EED2200746551 /* Assets.xcassets in Resources */ = {isa = PBXBuildFile; fileRef = 4203FE6E252EED2200746551 /* Assets.xcassets */; };
		4203FE72252EED2200746551 /* LaunchScreen.storyboard in Resources */ = {isa = PBXBuildFile; fileRef = 4203FE70252EED2200746551 /* LaunchScreen.storyboard */; };
		4203FE7D252EED2200746551 /* BirtdayNoteTakerTests.swift in Sources */ = {isa = PBXBuildFile; fileRef = 4203FE7C252EED2200746551 /* BirtdayNoteTakerTests.swift */; };
		4203FE88252EED2200746551 /* BirtdayNoteTakerUITests.swift in Sources */ = {isa = PBXBuildFile; fileRef = 4203FE87252EED2200746551 /* BirtdayNoteTakerUITests.swift */; };
/* End PBXBuildFile section */

/* Begin PBXContainerItemProxy section */
		4203FE79252EED2200746551 /* PBXContainerItemProxy */ = {
			isa = PBXContainerItemProxy;
			containerPortal = 4203FE5A252EED1E00746551 /* Project object */;
			proxyType = 1;
			remoteGlobalIDString = 4203FE61252EED1E00746551;
			remoteInfo = BirtdayNoteTaker;
		};
		4203FE84252EED2200746551 /* PBXContainerItemProxy */ = {
			isa = PBXContainerItemProxy;
			containerPortal = 4203FE5A252EED1E00746551 /* Project object */;
			proxyType = 1;
			remoteGlobalIDString = 4203FE61252EED1E00746551;
			remoteInfo = BirtdayNoteTaker;
		};
/* End PBXContainerItemProxy section */

/* Begin PBXFileReference section */
		4203FE62252EED1E00746551 /* BirtdayNoteTaker.app */ = {isa = PBXFileReference; explicitFileType = wrapper.application; includeInIndex = 0; path = BirtdayNoteTaker.app; sourceTree = BUILT_PRODUCTS_DIR; };
		4203FE65252EED1E00746551 /* AppDelegate.swift */ = {isa = PBXFileReference; lastKnownFileType = sourcecode.swift; path = AppDelegate.swift; sourceTree = "<group>"; };
		4203FE67252EED1E00746551 /* SceneDelegate.swift */ = {isa = PBXFileReference; lastKnownFileType = sourcecode.swift; path = SceneDelegate.swift; sourceTree = "<group>"; };
		4203FE69252EED1E00746551 /* ViewController.swift */ = {isa = PBXFileReference; lastKnownFileType = sourcecode.swift; path = ViewController.swift; sourceTree = "<group>"; };
		4203FE6C252EED1E00746551 /* Base */ = {isa = PBXFileReference; lastKnownFileType = file.storyboard; name = Base; path = Base.lproj/Main.storyboard; sourceTree = "<group>"; };
		4203FE6E252EED2200746551 /* Assets.xcassets */ = {isa = PBXFileReference; lastKnownFileType = folder.assetcatalog; path = Assets.xcassets; sourceTree = "<group>"; };
		4203FE71252EED2200746551 /* Base */ = {isa = PBXFileReference; lastKnownFileType = file.storyboard; name = Base; path = Base.lproj/LaunchScreen.storyboard; sourceTree = "<group>"; };
		4203FE73252EED2200746551 /* Info.plist */ = {isa = PBXFileReference; lastKnownFileType = text.plist.xml; path = Info.plist; sourceTree = "<group>"; };
		4203FE78252EED2200746551 /* BirtdayNoteTakerTests.xctest */ = {isa = PBXFileReference; explicitFileType = wrapper.cfbundle; includeInIndex = 0; path = BirtdayNoteTakerTests.xctest; sourceTree = BUILT_PRODUCTS_DIR; };
		4203FE7C252EED2200746551 /* BirtdayNoteTakerTests.swift */ = {isa = PBXFileReference; lastKnownFileType = sourcecode.swift; path = BirtdayNoteTakerTests.swift; sourceTree = "<group>"; };
		4203FE7E252EED2200746551 /* Info.plist */ = {isa = PBXFileReference; lastKnownFileType = text.plist.xml; path = Info.plist; sourceTree = "<group>"; };
		4203FE83252EED2200746551 /* BirtdayNoteTakerUITests.xctest */ = {isa = PBXFileReference; explicitFileType = wrapper.cfbundle; includeInIndex = 0; path = BirtdayNoteTakerUITests.xctest; sourceTree = BUILT_PRODUCTS_DIR; };
		4203FE87252EED2200746551 /* BirtdayNoteTakerUITests.swift */ = {isa = PBXFileReference; lastKnownFileType = sourcecode.swift; path = BirtdayNoteTakerUITests.swift; sourceTree = "<group>"; };
		4203FE89252EED2200746551 /* Info.plist */ = {isa = PBXFileReference; lastKnownFileType = text.plist.xml; path = Info.plist; sourceTree = "<group>"; };
/* End PBXFileReference section */

/* Begin PBXFrameworksBuildPhase section */
		4203FE5F252EED1E00746551 /* Frameworks */ = {
			isa = PBXFrameworksBuildPhase;
			buildActionMask = 2147483647;
			files = (
			);
			runOnlyForDeploymentPostprocessing = 0;
		};
		4203FE75252EED2200746551 /* Frameworks */ = {
			isa = PBXFrameworksBuildPhase;
			buildActionMask = 2147483647;
			files = (
			);
			runOnlyForDeploymentPostprocessing = 0;
		};
		4203FE80252EED2200746551 /* Frameworks */ = {
			isa = PBXFrameworksBuildPhase;
			buildActionMask = 2147483647;
			files = (
			);
			runOnlyForDeploymentPostprocessing = 0;
		};
/* End PBXFrameworksBuildPhase section */

/* Begin PBXGroup section */
		4203FE59252EED1E00746551 = {
			isa = PBXGroup;
			children = (
				4203FE64252EED1E00746551 /* BirtdayNoteTaker */,
				4203FE7B252EED2200746551 /* BirtdayNoteTakerTests */,
				4203FE86252EED2200746551 /* BirtdayNoteTakerUITests */,
				4203FE63252EED1E00746551 /* Products */,
			);
			sourceTree = "<group>";
		};
		4203FE63252EED1E00746551 /* Products */ = {
			isa = PBXGroup;
			children = (
				4203FE62252EED1E00746551 /* BirtdayNoteTaker.app */,
				4203FE78252EED2200746551 /* BirtdayNoteTakerTests.xctest */,
				4203FE83252EED2200746551 /* BirtdayNoteTakerUITests.xctest */,
			);
			name = Products;
			sourceTree = "<group>";
		};
		4203FE64252EED1E00746551 /* BirtdayNoteTaker */ = {
			isa = PBXGroup;
			children = (
				4203FE65252EED1E00746551 /* AppDelegate.swift */,
				4203FE67252EED1E00746551 /* SceneDelegate.swift */,
				4203FE69252EED1E00746551 /* ViewController.swift */,
				4203FE6B252EED1E00746551 /* Main.storyboard */,
				4203FE6E252EED2200746551 /* Assets.xcassets */,
				4203FE70252EED2200746551 /* LaunchScreen.storyboard */,
				4203FE73252EED2200746551 /* Info.plist */,
			);
			path = BirtdayNoteTaker;
			sourceTree = "<group>";
		};
		4203FE7B252EED2200746551 /* BirtdayNoteTakerTests */ = {
			isa = PBXGroup;
			children = (
				4203FE7C252EED2200746551 /* BirtdayNoteTakerTests.swift */,
				4203FE7E252EED2200746551 /* Info.plist */,
			);
			path = BirtdayNoteTakerTests;
			sourceTree = "<group>";
		};
		4203FE86252EED2200746551 /* BirtdayNoteTakerUITests */ = {
			isa = PBXGroup;
			children = (
				4203FE87252EED2200746551 /* BirtdayNoteTakerUITests.swift */,
				4203FE89252EED2200746551 /* Info.plist */,
			);
			path = BirtdayNoteTakerUITests;
			sourceTree = "<group>";
		};
/* End PBXGroup section */

/* Begin PBXNativeTarget section */
		4203FE61252EED1E00746551 /* BirtdayNoteTaker */ = {
			isa = PBXNativeTarget;
			buildConfigurationList = 4203FE8C252EED2200746551 /* Build configuration list for PBXNativeTarget "BirtdayNoteTaker" */;
			buildPhases = (
				4203FE5E252EED1E00746551 /* Sources */,
				4203FE5F252EED1E00746551 /* Frameworks */,
				4203FE60252EED1E00746551 /* Resources */,
			);
			buildRules = (
			);
			dependencies = (
			);
			name = BirtdayNoteTaker;
			productName = BirtdayNoteTaker;
			productReference = 4203FE62252EED1E00746551 /* BirtdayNoteTaker.app */;
			productType = "com.apple.product-type.application";
		};
		4203FE77252EED2200746551 /* BirtdayNoteTakerTests */ = {
			isa = PBXNativeTarget;
			buildConfigurationList = 4203FE8F252EED2200746551 /* Build configuration list for PBXNativeTarget "BirtdayNoteTakerTests" */;
			buildPhases = (
				4203FE74252EED2200746551 /* Sources */,
				4203FE75252EED2200746551 /* Frameworks */,
				4203FE76252EED2200746551 /* Resources */,
			);
			buildRules = (
			);
			dependencies = (
				4203FE7A252EED2200746551 /* PBXTargetDependency */,
			);
			name = BirtdayNoteTakerTests;
			productName = BirtdayNoteTakerTests;
			productReference = 4203FE78252EED2200746551 /* BirtdayNoteTakerTests.xctest */;
			productType = "com.apple.product-type.bundle.unit-test";
		};
		4203FE82252EED2200746551 /* BirtdayNoteTakerUITests */ = {
			isa = PBXNativeTarget;
			buildConfigurationList = 4203FE92252EED2200746551 /* Build configuration list for PBXNativeTarget "BirtdayNoteTakerUITests" */;
			buildPhases = (
				4203FE7F252EED2200746551 /* Sources */,
				4203FE80252EED2200746551 /* Frameworks */,
				4203FE81252EED2200746551 /* Resources */,
			);
			buildRules = (
			);
			dependencies = (
				4203FE85252EED2200746551 /* PBXTargetDependency */,
			);
			name = BirtdayNoteTakerUITests;
			productName = BirtdayNoteTakerUITests;
			productReference = 4203FE83252EED2200746551 /* BirtdayNoteTakerUITests.xctest */;
			productType = "com.apple.product-type.bundle.ui-testing";
		};
/* End PBXNativeTarget section */

/* Begin PBXProject section */
		4203FE5A252EED1E00746551 /* Project object */ = {
			isa = PBXProject;
			attributes = {
				LastSwiftUpdateCheck = 1200;
				LastUpgradeCheck = 1200;
				TargetAttributes = {
					4203FE61252EED1E00746551 = {
						CreatedOnToolsVersion = 12.0.1;
					};
					4203FE77252EED2200746551 = {
						CreatedOnToolsVersion = 12.0.1;
						TestTargetID = 4203FE61252EED1E00746551;
					};
					4203FE82252EED2200746551 = {
						CreatedOnToolsVersion = 12.0.1;
						TestTargetID = 4203FE61252EED1E00746551;
					};
				};
			};
			buildConfigurationList = 4203FE5D252EED1E00746551 /* Build configuration list for PBXProject "BirtdayNoteTaker" */;
			compatibilityVersion = "Xcode 9.3";
			developmentRegion = en;
			hasScannedForEncodings = 0;
			knownRegions = (
				en,
				Base,
			);
			mainGroup = 4203FE59252EED1E00746551;
			productRefGroup = 4203FE63252EED1E00746551 /* Products */;
			projectDirPath = "";
			projectRoot = "";
			targets = (
				4203FE61252EED1E00746551 /* BirtdayNoteTaker */,
				4203FE77252EED2200746551 /* BirtdayNoteTakerTests */,
				4203FE82252EED2200746551 /* BirtdayNoteTakerUITests */,
			);
		};
/* End PBXProject section */

/* Begin PBXResourcesBuildPhase section */
		4203FE60252EED1E00746551 /* Resources */ = {
			isa = PBXResourcesBuildPhase;
			buildActionMask = 2147483647;
			files = (
				4203FE72252EED2200746551 /* LaunchScreen.storyboard in Resources */,
				4203FE6F252EED2200746551 /* Assets.xcassets in Resources */,
				4203FE6D252EED1E00746551 /* Main.storyboard in Resources */,
			);
			runOnlyForDeploymentPostprocessing = 0;
		};
		4203FE76252EED2200746551 /* Resources */ = {
			isa = PBXResourcesBuildPhase;
			buildActionMask = 2147483647;
			files = (
			);
			runOnlyForDeploymentPostprocessing = 0;
		};
		4203FE81252EED2200746551 /* Resources */ = {
			isa = PBXResourcesBuildPhase;
			buildActionMask = 2147483647;
			files = (
			);
			runOnlyForDeploymentPostprocessing = 0;
		};
/* End PBXResourcesBuildPhase section */

/* Begin PBXSourcesBuildPhase section */
		4203FE5E252EED1E00746551 /* Sources */ = {
			isa = PBXSourcesBuildPhase;
			buildActionMask = 2147483647;
			files = (
				4203FE6A252EED1E00746551 /* ViewController.swift in Sources */,
				4203FE66252EED1E00746551 /* AppDelegate.swift in Sources */,
				4203FE68252EED1E00746551 /* SceneDelegate.swift in Sources */,
			);
			runOnlyForDeploymentPostprocessing = 0;
		};
		4203FE74252EED2200746551 /* Sources */ = {
			isa = PBXSourcesBuildPhase;
			buildActionMask = 2147483647;
			files = (
				4203FE7D252EED2200746551 /* BirtdayNoteTakerTests.swift in Sources */,
			);
			runOnlyForDeploymentPostprocessing = 0;
		};
		4203FE7F252EED2200746551 /* Sources */ = {
			isa = PBXSourcesBuildPhase;
			buildActionMask = 2147483647;
			files = (
				4203FE88252EED2200746551 /* BirtdayNoteTakerUITests.swift in Sources */,
			);
			runOnlyForDeploymentPostprocessing = 0;
		};
/* End PBXSourcesBuildPhase section */

/* Begin PBXTargetDependency section */
		4203FE7A252EED2200746551 /* PBXTargetDependency */ = {
			isa = PBXTargetDependency;
			target = 4203FE61252EED1E00746551 /* BirtdayNoteTaker */;
			targetProxy = 4203FE79252EED2200746551 /* PBXContainerItemProxy */;
		};
		4203FE85252EED2200746551 /* PBXTargetDependency */ = {
			isa = PBXTargetDependency;
			target = 4203FE61252EED1E00746551 /* BirtdayNoteTaker */;
			targetProxy = 4203FE84252EED2200746551 /* PBXContainerItemProxy */;
		};
/* End PBXTargetDependency section */

/* Begin PBXVariantGroup section */
		4203FE6B252EED1E00746551 /* Main.storyboard */ = {
			isa = PBXVariantGroup;
			children = (
				4203FE6C252EED1E00746551 /* Base */,
			);
			name = Main.storyboard;
			sourceTree = "<group>";
		};
		4203FE70252EED2200746551 /* LaunchScreen.storyboard */ = {
			isa = PBXVariantGroup;
			children = (
				4203FE71252EED2200746551 /* Base */,
			);
			name = LaunchScreen.storyboard;
			sourceTree = "<group>";
		};
/* End PBXVariantGroup section */

/* Begin XCBuildConfiguration section */
		4203FE8A252EED2200746551 /* Debug */ = {
			isa = XCBuildConfiguration;
			buildSettings = {
				ALWAYS_SEARCH_USER_PATHS = NO;
				CLANG_ANALYZER_NONNULL = YES;
				CLANG_ANALYZER_NUMBER_OBJECT_CONVERSION = YES_AGGRESSIVE;
				CLANG_CXX_LANGUAGE_STANDARD = "gnu++14";
				CLANG_CXX_LIBRARY = "libc++";
				CLANG_ENABLE_MODULES = YES;
				CLANG_ENABLE_OBJC_ARC = YES;
				CLANG_ENABLE_OBJC_WEAK = YES;
				CLANG_WARN_BLOCK_CAPTURE_AUTORELEASING = YES;
				CLANG_WARN_BOOL_CONVERSION = YES;
				CLANG_WARN_COMMA = YES;
				CLANG_WARN_CONSTANT_CONVERSION = YES;
				CLANG_WARN_DEPRECATED_OBJC_IMPLEMENTATIONS = YES;
				CLANG_WARN_DIRECT_OBJC_ISA_USAGE = YES_ERROR;
				CLANG_WARN_DOCUMENTATION_COMMENTS = YES;
				CLANG_WARN_EMPTY_BODY = YES;
				CLANG_WARN_ENUM_CONVERSION = YES;
				CLANG_WARN_INFINITE_RECURSION = YES;
				CLANG_WARN_INT_CONVERSION = YES;
				CLANG_WARN_NON_LITERAL_NULL_CONVERSION = YES;
				CLANG_WARN_OBJC_IMPLICIT_RETAIN_SELF = YES;
				CLANG_WARN_OBJC_LITERAL_CONVERSION = YES;
				CLANG_WARN_OBJC_ROOT_CLASS = YES_ERROR;
				CLANG_WARN_QUOTED_INCLUDE_IN_FRAMEWORK_HEADER = YES;
				CLANG_WARN_RANGE_LOOP_ANALYSIS = YES;
				CLANG_WARN_STRICT_PROTOTYPES = YES;
				CLANG_WARN_SUSPICIOUS_MOVE = YES;
				CLANG_WARN_UNGUARDED_AVAILABILITY = YES_AGGRESSIVE;
				CLANG_WARN_UNREACHABLE_CODE = YES;
				CLANG_WARN__DUPLICATE_METHOD_MATCH = YES;
				COPY_PHASE_STRIP = NO;
				DEBUG_INFORMATION_FORMAT = dwarf;
				ENABLE_STRICT_OBJC_MSGSEND = YES;
				ENABLE_TESTABILITY = YES;
				GCC_C_LANGUAGE_STANDARD = gnu11;
				GCC_DYNAMIC_NO_PIC = NO;
				GCC_NO_COMMON_BLOCKS = YES;
				GCC_OPTIMIZATION_LEVEL = 0;
				GCC_PREPROCESSOR_DEFINITIONS = (
					"DEBUG=1",
					"$(inherited)",
				);
				GCC_WARN_64_TO_32_BIT_CONVERSION = YES;
				GCC_WARN_ABOUT_RETURN_TYPE = YES_ERROR;
				GCC_WARN_UNDECLARED_SELECTOR = YES;
				GCC_WARN_UNINITIALIZED_AUTOS = YES_AGGRESSIVE;
				GCC_WARN_UNUSED_FUNCTION = YES;
				GCC_WARN_UNUSED_VARIABLE = YES;
				IPHONEOS_DEPLOYMENT_TARGET = 14.0;
				MTL_ENABLE_DEBUG_INFO = INCLUDE_SOURCE;
				MTL_FAST_MATH = YES;
				ONLY_ACTIVE_ARCH = YES;
				SDKROOT = iphoneos;
				SWIFT_ACTIVE_COMPILATION_CONDITIONS = DEBUG;
				SWIFT_OPTIMIZATION_LEVEL = "-Onone";
			};
			name = Debug;
		};
		4203FE8B252EED2200746551 /* Release */ = {
			isa = XCBuildConfiguration;
			buildSettings = {
				ALWAYS_SEARCH_USER_PATHS = NO;
				CLANG_ANALYZER_NONNULL = YES;
				CLANG_ANALYZER_NUMBER_OBJECT_CONVERSION = YES_AGGRESSIVE;
				CLANG_CXX_LANGUAGE_STANDARD = "gnu++14";
				CLANG_CXX_LIBRARY = "libc++";
				CLANG_ENABLE_MODULES = YES;
				CLANG_ENABLE_OBJC_ARC = YES;
				CLANG_ENABLE_OBJC_WEAK = YES;
				CLANG_WARN_BLOCK_CAPTURE_AUTORELEASING = YES;
				CLANG_WARN_BOOL_CONVERSION = YES;
				CLANG_WARN_COMMA = YES;
				CLANG_WARN_CONSTANT_CONVERSION = YES;
				CLANG_WARN_DEPRECATED_OBJC_IMPLEMENTATIONS = YES;
				CLANG_WARN_DIRECT_OBJC_ISA_USAGE = YES_ERROR;
				CLANG_WARN_DOCUMENTATION_COMMENTS = YES;
				CLANG_WARN_EMPTY_BODY = YES;
				CLANG_WARN_ENUM_CONVERSION = YES;
				CLANG_WARN_INFINITE_RECURSION = YES;
				CLANG_WARN_INT_CONVERSION = YES;
				CLANG_WARN_NON_LITERAL_NULL_CONVERSION = YES;
				CLANG_WARN_OBJC_IMPLICIT_RETAIN_SELF = YES;
				CLANG_WARN_OBJC_LITERAL_CONVERSION = YES;
				CLANG_WARN_OBJC_ROOT_CLASS = YES_ERROR;
				CLANG_WARN_QUOTED_INCLUDE_IN_FRAMEWORK_HEADER = YES;
				CLANG_WARN_RANGE_LOOP_ANALYSIS = YES;
				CLANG_WARN_STRICT_PROTOTYPES = YES;
				CLANG_WARN_SUSPICIOUS_MOVE = YES;
				CLANG_WARN_UNGUARDED_AVAILABILITY = YES_AGGRESSIVE;
				CLANG_WARN_UNREACHABLE_CODE = YES;
				CLANG_WARN__DUPLICATE_METHOD_MATCH = YES;
				COPY_PHASE_STRIP = NO;
				DEBUG_INFORMATION_FORMAT = "dwarf-with-dsym";
				ENABLE_NS_ASSERTIONS = NO;
				ENABLE_STRICT_OBJC_MSGSEND = YES;
				GCC_C_LANGUAGE_STANDARD = gnu11;
				GCC_NO_COMMON_BLOCKS = YES;
				GCC_WARN_64_TO_32_BIT_CONVERSION = YES;
				GCC_WARN_ABOUT_RETURN_TYPE = YES_ERROR;
				GCC_WARN_UNDECLARED_SELECTOR = YES;
				GCC_WARN_UNINITIALIZED_AUTOS = YES_AGGRESSIVE;
				GCC_WARN_UNUSED_FUNCTION = YES;
				GCC_WARN_UNUSED_VARIABLE = YES;
				IPHONEOS_DEPLOYMENT_TARGET = 14.0;
				MTL_ENABLE_DEBUG_INFO = NO;
				MTL_FAST_MATH = YES;
				SDKROOT = iphoneos;
				SWIFT_COMPILATION_MODE = wholemodule;
				SWIFT_OPTIMIZATION_LEVEL = "-O";
				VALIDATE_PRODUCT = YES;
			};
			name = Release;
		};
		4203FE8D252EED2200746551 /* Debug */ = {
			isa = XCBuildConfiguration;
			buildSettings = {
				ASSETCATALOG_COMPILER_APPICON_NAME = AppIcon;
				ASSETCATALOG_COMPILER_GLOBAL_ACCENT_COLOR_NAME = AccentColor;
				CODE_SIGN_STYLE = Automatic;
				DEVELOPMENT_TEAM = A4GXF9QSRB;
				INFOPLIST_FILE = BirtdayNoteTaker/Info.plist;
				LD_RUNPATH_SEARCH_PATHS = (
					"$(inherited)",
					"@executable_path/Frameworks",
				);
				PRODUCT_BUNDLE_IDENTIFIER = aoguz.BirtdayNoteTaker;
				PRODUCT_NAME = "$(TARGET_NAME)";
				SWIFT_VERSION = 5.0;
				TARGETED_DEVICE_FAMILY = "1,2";
			};
			name = Debug;
		};
		4203FE8E252EED2200746551 /* Release */ = {
			isa = XCBuildConfiguration;
			buildSettings = {
				ASSETCATALOG_COMPILER_APPICON_NAME = AppIcon;
				ASSETCATALOG_COMPILER_GLOBAL_ACCENT_COLOR_NAME = AccentColor;
				CODE_SIGN_STYLE = Automatic;
				DEVELOPMENT_TEAM = A4GXF9QSRB;
				INFOPLIST_FILE = BirtdayNoteTaker/Info.plist;
				LD_RUNPATH_SEARCH_PATHS = (
					"$(inherited)",
					"@executable_path/Frameworks",
				);
				PRODUCT_BUNDLE_IDENTIFIER = aoguz.BirtdayNoteTaker;
				PRODUCT_NAME = "$(TARGET_NAME)";
				SWIFT_VERSION = 5.0;
				TARGETED_DEVICE_FAMILY = "1,2";
			};
			name = Release;
		};
		4203FE90252EED2200746551 /* Debug */ = {
			isa = XCBuildConfiguration;
			buildSettings = {
				ALWAYS_EMBED_SWIFT_STANDARD_LIBRARIES = YES;
				BUNDLE_LOADER = "$(TEST_HOST)";
				CODE_SIGN_STYLE = Automatic;
				DEVELOPMENT_TEAM = A4GXF9QSRB;
				INFOPLIST_FILE = BirtdayNoteTakerTests/Info.plist;
				IPHONEOS_DEPLOYMENT_TARGET = 14.0;
				LD_RUNPATH_SEARCH_PATHS = (
					"$(inherited)",
					"@executable_path/Frameworks",
					"@loader_path/Frameworks",
				);
				PRODUCT_BUNDLE_IDENTIFIER = aoguz.BirtdayNoteTakerTests;
				PRODUCT_NAME = "$(TARGET_NAME)";
				SWIFT_VERSION = 5.0;
				TARGETED_DEVICE_FAMILY = "1,2";
				TEST_HOST = "$(BUILT_PRODUCTS_DIR)/BirtdayNoteTaker.app/BirtdayNoteTaker";
			};
			name = Debug;
		};
		4203FE91252EED2200746551 /* Release */ = {
			isa = XCBuildConfiguration;
			buildSettings = {
				ALWAYS_EMBED_SWIFT_STANDARD_LIBRARIES = YES;
				BUNDLE_LOADER = "$(TEST_HOST)";
				CODE_SIGN_STYLE = Automatic;
				DEVELOPMENT_TEAM = A4GXF9QSRB;
				INFOPLIST_FILE = BirtdayNoteTakerTests/Info.plist;
				IPHONEOS_DEPLOYMENT_TARGET = 14.0;
				LD_RUNPATH_SEARCH_PATHS = (
					"$(inherited)",
					"@executable_path/Frameworks",
					"@loader_path/Frameworks",
				);
				PRODUCT_BUNDLE_IDENTIFIER = aoguz.BirtdayNoteTakerTests;
				PRODUCT_NAME = "$(TARGET_NAME)";
				SWIFT_VERSION = 5.0;
				TARGETED_DEVICE_FAMILY = "1,2";
				TEST_HOST = "$(BUILT_PRODUCTS_DIR)/BirtdayNoteTaker.app/BirtdayNoteTaker";
			};
			name = Release;
		};
		4203FE93252EED2200746551 /* Debug */ = {
			isa = XCBuildConfiguration;
			buildSettings = {
				ALWAYS_EMBED_SWIFT_STANDARD_LIBRARIES = YES;
				CODE_SIGN_STYLE = Automatic;
				DEVELOPMENT_TEAM = A4GXF9QSRB;
				INFOPLIST_FILE = BirtdayNoteTakerUITests/Info.plist;
				LD_RUNPATH_SEARCH_PATHS = (
					"$(inherited)",
					"@executable_path/Frameworks",
					"@loader_path/Frameworks",
				);
				PRODUCT_BUNDLE_IDENTIFIER = aoguz.BirtdayNoteTakerUITests;
				PRODUCT_NAME = "$(TARGET_NAME)";
				SWIFT_VERSION = 5.0;
				TARGETED_DEVICE_FAMILY = "1,2";
				TEST_TARGET_NAME = BirtdayNoteTaker;
			};
			name = Debug;
		};
		4203FE94252EED2200746551 /* Release */ = {
			isa = XCBuildConfiguration;
			buildSettings = {
				ALWAYS_EMBED_SWIFT_STANDARD_LIBRARIES = YES;
				CODE_SIGN_STYLE = Automatic;
				DEVELOPMENT_TEAM = A4GXF9QSRB;
				INFOPLIST_FILE = BirtdayNoteTakerUITests/Info.plist;
				LD_RUNPATH_SEARCH_PATHS = (
					"$(inherited)",
					"@executable_path/Frameworks",
					"@loader_path/Frameworks",
				);
				PRODUCT_BUNDLE_IDENTIFIER = aoguz.BirtdayNoteTakerUITests;
				PRODUCT_NAME = "$(TARGET_NAME)";
				SWIFT_VERSION = 5.0;
				TARGETED_DEVICE_FAMILY = "1,2";
				TEST_TARGET_NAME = BirtdayNoteTaker;
			};
			name = Release;
		};
/* End XCBuildConfiguration section */

/* Begin XCConfigurationList section */
		4203FE5D252EED1E00746551 /* Build configuration list for PBXProject "BirtdayNoteTaker" */ = {
			isa = XCConfigurationList;
			buildConfigurations = (
				4203FE8A252EED2200746551 /* Debug */,
				4203FE8B252EED2200746551 /* Release */,
			);
			defaultConfigurationIsVisible = 0;
			defaultConfigurationName = Release;
		};
		4203FE8C252EED2200746551 /* Build configuration list for PBXNativeTarget "BirtdayNoteTaker" */ = {
			isa = XCConfigurationList;
			buildConfigurations = (
				4203FE8D252EED2200746551 /* Debug */,
				4203FE8E252EED2200746551 /* Release */,
			);
			defaultConfigurationIsVisible = 0;
			defaultConfigurationName = Release;
		};
		4203FE8F252EED2200746551 /* Build configuration list for PBXNativeTarget "BirtdayNoteTakerTests" */ = {
			isa = XCConfigurationList;
			buildConfigurations = (
				4203FE90252EED2200746551 /* Debug */,
				4203FE91252EED2200746551 /* Release */,
			);
			defaultConfigurationIsVisible = 0;
			defaultConfigurationName = Release;
		};
		4203FE92252EED2200746551 /* Build configuration list for PBXNativeTarget "BirtdayNoteTakerUITests" */ = {
			isa = XCConfigurationList;
			buildConfigurations = (
				4203FE93252EED2200746551 /* Debug */,
				4203FE94252EED2200746551 /* Release */,
			);
			defaultConfigurationIsVisible = 0;
			defaultConfigurationName = Release;
		};
/* End XCConfigurationList section */
	};
	rootObject = 4203FE5A252EED1E00746551 /* Project object */;
}
