// !$*UTF8*$!
{
	archiveVersion = 1;
	classes = {
	};
	objectVersion = 50;
	objects = {

/* Begin PBXBuildFile section */
		42298FD5255331E100995C83 /* AppDelegate.swift in Sources */ = {isa = PBXBuildFile; fileRef = 42298FD4255331E100995C83 /* AppDelegate.swift */; };
		42298FD7255331E100995C83 /* SceneDelegate.swift in Sources */ = {isa = PBXBuildFile; fileRef = 42298FD6255331E100995C83 /* SceneDelegate.swift */; };
		42298FD9255331E100995C83 /* ViewController.swift in Sources */ = {isa = PBXBuildFile; fileRef = 42298FD8255331E100995C83 /* ViewController.swift */; };
		42298FDC255331E100995C83 /* Main.storyboard in Resources */ = {isa = PBXBuildFile; fileRef = 42298FDA255331E100995C83 /* Main.storyboard */; };
		42298FDE255331E800995C83 /* Assets.xcassets in Resources */ = {isa = PBXBuildFile; fileRef = 42298FDD255331E800995C83 /* Assets.xcassets */; };
		42298FE1255331E800995C83 /* LaunchScreen.storyboard in Resources */ = {isa = PBXBuildFile; fileRef = 42298FDF255331E800995C83 /* LaunchScreen.storyboard */; };
		42298FEC255331E800995C83 /* SegueAppTests.swift in Sources */ = {isa = PBXBuildFile; fileRef = 42298FEB255331E800995C83 /* SegueAppTests.swift */; };
		42298FF7255331E800995C83 /* SegueAppUITests.swift in Sources */ = {isa = PBXBuildFile; fileRef = 42298FF6255331E800995C83 /* SegueAppUITests.swift */; };
		422990082553429400995C83 /* SecondViewController.swift in Sources */ = {isa = PBXBuildFile; fileRef = 422990072553429400995C83 /* SecondViewController.swift */; };
/* End PBXBuildFile section */

/* Begin PBXContainerItemProxy section */
		42298FE8255331E800995C83 /* PBXContainerItemProxy */ = {
			isa = PBXContainerItemProxy;
			containerPortal = 42298FC9255331E100995C83 /* Project object */;
			proxyType = 1;
			remoteGlobalIDString = 42298FD0255331E100995C83;
			remoteInfo = SegueApp;
		};
		42298FF3255331E800995C83 /* PBXContainerItemProxy */ = {
			isa = PBXContainerItemProxy;
			containerPortal = 42298FC9255331E100995C83 /* Project object */;
			proxyType = 1;
			remoteGlobalIDString = 42298FD0255331E100995C83;
			remoteInfo = SegueApp;
		};
/* End PBXContainerItemProxy section */

/* Begin PBXFileReference section */
		42298FD1255331E100995C83 /* SegueApp.app */ = {isa = PBXFileReference; explicitFileType = wrapper.application; includeInIndex = 0; path = SegueApp.app; sourceTree = BUILT_PRODUCTS_DIR; };
		42298FD4255331E100995C83 /* AppDelegate.swift */ = {isa = PBXFileReference; lastKnownFileType = sourcecode.swift; path = AppDelegate.swift; sourceTree = "<group>"; };
		42298FD6255331E100995C83 /* SceneDelegate.swift */ = {isa = PBXFileReference; lastKnownFileType = sourcecode.swift; path = SceneDelegate.swift; sourceTree = "<group>"; };
		42298FD8255331E100995C83 /* ViewController.swift */ = {isa = PBXFileReference; lastKnownFileType = sourcecode.swift; path = ViewController.swift; sourceTree = "<group>"; };
		42298FDB255331E100995C83 /* Base */ = {isa = PBXFileReference; lastKnownFileType = file.storyboard; name = Base; path = Base.lproj/Main.storyboard; sourceTree = "<group>"; };
		42298FDD255331E800995C83 /* Assets.xcassets */ = {isa = PBXFileReference; lastKnownFileType = folder.assetcatalog; path = Assets.xcassets; sourceTree = "<group>"; };
		42298FE0255331E800995C83 /* Base */ = {isa = PBXFileReference; lastKnownFileType = file.storyboard; name = Base; path = Base.lproj/LaunchScreen.storyboard; sourceTree = "<group>"; };
		42298FE2255331E800995C83 /* Info.plist */ = {isa = PBXFileReference; lastKnownFileType = text.plist.xml; path = Info.plist; sourceTree = "<group>"; };
		42298FE7255331E800995C83 /* SegueAppTests.xctest */ = {isa = PBXFileReference; explicitFileType = wrapper.cfbundle; includeInIndex = 0; path = SegueAppTests.xctest; sourceTree = BUILT_PRODUCTS_DIR; };
		42298FEB255331E800995C83 /* SegueAppTests.swift */ = {isa = PBXFileReference; lastKnownFileType = sourcecode.swift; path = SegueAppTests.swift; sourceTree = "<group>"; };
		42298FED255331E800995C83 /* Info.plist */ = {isa = PBXFileReference; lastKnownFileType = text.plist.xml; path = Info.plist; sourceTree = "<group>"; };
		42298FF2255331E800995C83 /* SegueAppUITests.xctest */ = {isa = PBXFileReference; explicitFileType = wrapper.cfbundle; includeInIndex = 0; path = SegueAppUITests.xctest; sourceTree = BUILT_PRODUCTS_DIR; };
		42298FF6255331E800995C83 /* SegueAppUITests.swift */ = {isa = PBXFileReference; lastKnownFileType = sourcecode.swift; path = SegueAppUITests.swift; sourceTree = "<group>"; };
		42298FF8255331E800995C83 /* Info.plist */ = {isa = PBXFileReference; lastKnownFileType = text.plist.xml; path = Info.plist; sourceTree = "<group>"; };
		422990072553429400995C83 /* SecondViewController.swift */ = {isa = PBXFileReference; lastKnownFileType = sourcecode.swift; path = SecondViewController.swift; sourceTree = "<group>"; };
/* End PBXFileReference section */

/* Begin PBXFrameworksBuildPhase section */
		42298FCE255331E100995C83 /* Frameworks */ = {
			isa = PBXFrameworksBuildPhase;
			buildActionMask = 2147483647;
			files = (
			);
			runOnlyForDeploymentPostprocessing = 0;
		};
		42298FE4255331E800995C83 /* Frameworks */ = {
			isa = PBXFrameworksBuildPhase;
			buildActionMask = 2147483647;
			files = (
			);
			runOnlyForDeploymentPostprocessing = 0;
		};
		42298FEF255331E800995C83 /* Frameworks */ = {
			isa = PBXFrameworksBuildPhase;
			buildActionMask = 2147483647;
			files = (
			);
			runOnlyForDeploymentPostprocessing = 0;
		};
/* End PBXFrameworksBuildPhase section */

/* Begin PBXGroup section */
		42298FC8255331E100995C83 = {
			isa = PBXGroup;
			children = (
				42298FD3255331E100995C83 /* SegueApp */,
				42298FEA255331E800995C83 /* SegueAppTests */,
				42298FF5255331E800995C83 /* SegueAppUITests */,
				42298FD2255331E100995C83 /* Products */,
			);
			sourceTree = "<group>";
		};
		42298FD2255331E100995C83 /* Products */ = {
			isa = PBXGroup;
			children = (
				42298FD1255331E100995C83 /* SegueApp.app */,
				42298FE7255331E800995C83 /* SegueAppTests.xctest */,
				42298FF2255331E800995C83 /* SegueAppUITests.xctest */,
			);
			name = Products;
			sourceTree = "<group>";
		};
		42298FD3255331E100995C83 /* SegueApp */ = {
			isa = PBXGroup;
			children = (
				42298FD4255331E100995C83 /* AppDelegate.swift */,
				42298FD6255331E100995C83 /* SceneDelegate.swift */,
				42298FD8255331E100995C83 /* ViewController.swift */,
				42298FDA255331E100995C83 /* Main.storyboard */,
				42298FDD255331E800995C83 /* Assets.xcassets */,
				42298FDF255331E800995C83 /* LaunchScreen.storyboard */,
				42298FE2255331E800995C83 /* Info.plist */,
				422990072553429400995C83 /* SecondViewController.swift */,
			);
			path = SegueApp;
			sourceTree = "<group>";
		};
		42298FEA255331E800995C83 /* SegueAppTests */ = {
			isa = PBXGroup;
			children = (
				42298FEB255331E800995C83 /* SegueAppTests.swift */,
				42298FED255331E800995C83 /* Info.plist */,
			);
			path = SegueAppTests;
			sourceTree = "<group>";
		};
		42298FF5255331E800995C83 /* SegueAppUITests */ = {
			isa = PBXGroup;
			children = (
				42298FF6255331E800995C83 /* SegueAppUITests.swift */,
				42298FF8255331E800995C83 /* Info.plist */,
			);
			path = SegueAppUITests;
			sourceTree = "<group>";
		};
/* End PBXGroup section */

/* Begin PBXNativeTarget section */
		42298FD0255331E100995C83 /* SegueApp */ = {
			isa = PBXNativeTarget;
			buildConfigurationList = 42298FFB255331E800995C83 /* Build configuration list for PBXNativeTarget "SegueApp" */;
			buildPhases = (
				42298FCD255331E100995C83 /* Sources */,
				42298FCE255331E100995C83 /* Frameworks */,
				42298FCF255331E100995C83 /* Resources */,
			);
			buildRules = (
			);
			dependencies = (
			);
			name = SegueApp;
			productName = SegueApp;
			productReference = 42298FD1255331E100995C83 /* SegueApp.app */;
			productType = "com.apple.product-type.application";
		};
		42298FE6255331E800995C83 /* SegueAppTests */ = {
			isa = PBXNativeTarget;
			buildConfigurationList = 42298FFE255331E800995C83 /* Build configuration list for PBXNativeTarget "SegueAppTests" */;
			buildPhases = (
				42298FE3255331E800995C83 /* Sources */,
				42298FE4255331E800995C83 /* Frameworks */,
				42298FE5255331E800995C83 /* Resources */,
			);
			buildRules = (
			);
			dependencies = (
				42298FE9255331E800995C83 /* PBXTargetDependency */,
			);
			name = SegueAppTests;
			productName = SegueAppTests;
			productReference = 42298FE7255331E800995C83 /* SegueAppTests.xctest */;
			productType = "com.apple.product-type.bundle.unit-test";
		};
		42298FF1255331E800995C83 /* SegueAppUITests */ = {
			isa = PBXNativeTarget;
			buildConfigurationList = 42299001255331E800995C83 /* Build configuration list for PBXNativeTarget "SegueAppUITests" */;
			buildPhases = (
				42298FEE255331E800995C83 /* Sources */,
				42298FEF255331E800995C83 /* Frameworks */,
				42298FF0255331E800995C83 /* Resources */,
			);
			buildRules = (
			);
			dependencies = (
				42298FF4255331E800995C83 /* PBXTargetDependency */,
			);
			name = SegueAppUITests;
			productName = SegueAppUITests;
			productReference = 42298FF2255331E800995C83 /* SegueAppUITests.xctest */;
			productType = "com.apple.product-type.bundle.ui-testing";
		};
/* End PBXNativeTarget section */

/* Begin PBXProject section */
		42298FC9255331E100995C83 /* Project object */ = {
			isa = PBXProject;
			attributes = {
				LastSwiftUpdateCheck = 1210;
				LastUpgradeCheck = 1210;
				TargetAttributes = {
					42298FD0255331E100995C83 = {
						CreatedOnToolsVersion = 12.1;
					};
					42298FE6255331E800995C83 = {
						CreatedOnToolsVersion = 12.1;
						TestTargetID = 42298FD0255331E100995C83;
					};
					42298FF1255331E800995C83 = {
						CreatedOnToolsVersion = 12.1;
						TestTargetID = 42298FD0255331E100995C83;
					};
				};
			};
			buildConfigurationList = 42298FCC255331E100995C83 /* Build configuration list for PBXProject "SegueApp" */;
			compatibilityVersion = "Xcode 9.3";
			developmentRegion = en;
			hasScannedForEncodings = 0;
			knownRegions = (
				en,
				Base,
			);
			mainGroup = 42298FC8255331E100995C83;
			productRefGroup = 42298FD2255331E100995C83 /* Products */;
			projectDirPath = "";
			projectRoot = "";
			targets = (
				42298FD0255331E100995C83 /* SegueApp */,
				42298FE6255331E800995C83 /* SegueAppTests */,
				42298FF1255331E800995C83 /* SegueAppUITests */,
			);
		};
/* End PBXProject section */

/* Begin PBXResourcesBuildPhase section */
		42298FCF255331E100995C83 /* Resources */ = {
			isa = PBXResourcesBuildPhase;
			buildActionMask = 2147483647;
			files = (
				42298FE1255331E800995C83 /* LaunchScreen.storyboard in Resources */,
				42298FDE255331E800995C83 /* Assets.xcassets in Resources */,
				42298FDC255331E100995C83 /* Main.storyboard in Resources */,
			);
			runOnlyForDeploymentPostprocessing = 0;
		};
		42298FE5255331E800995C83 /* Resources */ = {
			isa = PBXResourcesBuildPhase;
			buildActionMask = 2147483647;
			files = (
			);
			runOnlyForDeploymentPostprocessing = 0;
		};
		42298FF0255331E800995C83 /* Resources */ = {
			isa = PBXResourcesBuildPhase;
			buildActionMask = 2147483647;
			files = (
			);
			runOnlyForDeploymentPostprocessing = 0;
		};
/* End PBXResourcesBuildPhase section */

/* Begin PBXSourcesBuildPhase section */
		42298FCD255331E100995C83 /* Sources */ = {
			isa = PBXSourcesBuildPhase;
			buildActionMask = 2147483647;
			files = (
				422990082553429400995C83 /* SecondViewController.swift in Sources */,
				42298FD9255331E100995C83 /* ViewController.swift in Sources */,
				42298FD5255331E100995C83 /* AppDelegate.swift in Sources */,
				42298FD7255331E100995C83 /* SceneDelegate.swift in Sources */,
			);
			runOnlyForDeploymentPostprocessing = 0;
		};
		42298FE3255331E800995C83 /* Sources */ = {
			isa = PBXSourcesBuildPhase;
			buildActionMask = 2147483647;
			files = (
				42298FEC255331E800995C83 /* SegueAppTests.swift in Sources */,
			);
			runOnlyForDeploymentPostprocessing = 0;
		};
		42298FEE255331E800995C83 /* Sources */ = {
			isa = PBXSourcesBuildPhase;
			buildActionMask = 2147483647;
			files = (
				42298FF7255331E800995C83 /* SegueAppUITests.swift in Sources */,
			);
			runOnlyForDeploymentPostprocessing = 0;
		};
/* End PBXSourcesBuildPhase section */

/* Begin PBXTargetDependency section */
		42298FE9255331E800995C83 /* PBXTargetDependency */ = {
			isa = PBXTargetDependency;
			target = 42298FD0255331E100995C83 /* SegueApp */;
			targetProxy = 42298FE8255331E800995C83 /* PBXContainerItemProxy */;
		};
		42298FF4255331E800995C83 /* PBXTargetDependency */ = {
			isa = PBXTargetDependency;
			target = 42298FD0255331E100995C83 /* SegueApp */;
			targetProxy = 42298FF3255331E800995C83 /* PBXContainerItemProxy */;
		};
/* End PBXTargetDependency section */

/* Begin PBXVariantGroup section */
		42298FDA255331E100995C83 /* Main.storyboard */ = {
			isa = PBXVariantGroup;
			children = (
				42298FDB255331E100995C83 /* Base */,
			);
			name = Main.storyboard;
			sourceTree = "<group>";
		};
		42298FDF255331E800995C83 /* LaunchScreen.storyboard */ = {
			isa = PBXVariantGroup;
			children = (
				42298FE0255331E800995C83 /* Base */,
			);
			name = LaunchScreen.storyboard;
			sourceTree = "<group>";
		};
/* End PBXVariantGroup section */

/* Begin XCBuildConfiguration section */
		42298FF9255331E800995C83 /* Debug */ = {
			isa = XCBuildConfiguration;
			buildSettings = {
				ALWAYS_SEARCH_USER_PATHS = NO;
				CLANG_ANALYZER_NONNULL = YES;
				CLANG_ANALYZER_NUMBER_OBJECT_CONVERSION = YES_AGGRESSIVE;
				CLANG_CXX_LANGUAGE_STANDARD = "gnu++14";
				CLANG_CXX_LIBRARY = "libc++";
				CLANG_ENABLE_MODULES = YES;
				CLANG_ENABLE_OBJC_ARC = YES;
				CLANG_ENABLE_OBJC_WEAK = YES;
				CLANG_WARN_BLOCK_CAPTURE_AUTORELEASING = YES;
				CLANG_WARN_BOOL_CONVERSION = YES;
				CLANG_WARN_COMMA = YES;
				CLANG_WARN_CONSTANT_CONVERSION = YES;
				CLANG_WARN_DEPRECATED_OBJC_IMPLEMENTATIONS = YES;
				CLANG_WARN_DIRECT_OBJC_ISA_USAGE = YES_ERROR;
				CLANG_WARN_DOCUMENTATION_COMMENTS = YES;
				CLANG_WARN_EMPTY_BODY = YES;
				CLANG_WARN_ENUM_CONVERSION = YES;
				CLANG_WARN_INFINITE_RECURSION = YES;
				CLANG_WARN_INT_CONVERSION = YES;
				CLANG_WARN_NON_LITERAL_NULL_CONVERSION = YES;
				CLANG_WARN_OBJC_IMPLICIT_RETAIN_SELF = YES;
				CLANG_WARN_OBJC_LITERAL_CONVERSION = YES;
				CLANG_WARN_OBJC_ROOT_CLASS = YES_ERROR;
				CLANG_WARN_QUOTED_INCLUDE_IN_FRAMEWORK_HEADER = YES;
				CLANG_WARN_RANGE_LOOP_ANALYSIS = YES;
				CLANG_WARN_STRICT_PROTOTYPES = YES;
				CLANG_WARN_SUSPICIOUS_MOVE = YES;
				CLANG_WARN_UNGUARDED_AVAILABILITY = YES_AGGRESSIVE;
				CLANG_WARN_UNREACHABLE_CODE = YES;
				CLANG_WARN__DUPLICATE_METHOD_MATCH = YES;
				COPY_PHASE_STRIP = NO;
				DEBUG_INFORMATION_FORMAT = dwarf;
				ENABLE_STRICT_OBJC_MSGSEND = YES;
				ENABLE_TESTABILITY = YES;
				GCC_C_LANGUAGE_STANDARD = gnu11;
				GCC_DYNAMIC_NO_PIC = NO;
				GCC_NO_COMMON_BLOCKS = YES;
				GCC_OPTIMIZATION_LEVEL = 0;
				GCC_PREPROCESSOR_DEFINITIONS = (
					"DEBUG=1",
					"$(inherited)",
				);
				GCC_WARN_64_TO_32_BIT_CONVERSION = YES;
				GCC_WARN_ABOUT_RETURN_TYPE = YES_ERROR;
				GCC_WARN_UNDECLARED_SELECTOR = YES;
				GCC_WARN_UNINITIALIZED_AUTOS = YES_AGGRESSIVE;
				GCC_WARN_UNUSED_FUNCTION = YES;
				GCC_WARN_UNUSED_VARIABLE = YES;
				IPHONEOS_DEPLOYMENT_TARGET = 14.1;
				MTL_ENABLE_DEBUG_INFO = INCLUDE_SOURCE;
				MTL_FAST_MATH = YES;
				ONLY_ACTIVE_ARCH = YES;
				SDKROOT = iphoneos;
				SWIFT_ACTIVE_COMPILATION_CONDITIONS = DEBUG;
				SWIFT_OPTIMIZATION_LEVEL = "-Onone";
			};
			name = Debug;
		};
		42298FFA255331E800995C83 /* Release */ = {
			isa = XCBuildConfiguration;
			buildSettings = {
				ALWAYS_SEARCH_USER_PATHS = NO;
				CLANG_ANALYZER_NONNULL = YES;
				CLANG_ANALYZER_NUMBER_OBJECT_CONVERSION = YES_AGGRESSIVE;
				CLANG_CXX_LANGUAGE_STANDARD = "gnu++14";
				CLANG_CXX_LIBRARY = "libc++";
				CLANG_ENABLE_MODULES = YES;
				CLANG_ENABLE_OBJC_ARC = YES;
				CLANG_ENABLE_OBJC_WEAK = YES;
				CLANG_WARN_BLOCK_CAPTURE_AUTORELEASING = YES;
				CLANG_WARN_BOOL_CONVERSION = YES;
				CLANG_WARN_COMMA = YES;
				CLANG_WARN_CONSTANT_CONVERSION = YES;
				CLANG_WARN_DEPRECATED_OBJC_IMPLEMENTATIONS = YES;
				CLANG_WARN_DIRECT_OBJC_ISA_USAGE = YES_ERROR;
				CLANG_WARN_DOCUMENTATION_COMMENTS = YES;
				CLANG_WARN_EMPTY_BODY = YES;
				CLANG_WARN_ENUM_CONVERSION = YES;
				CLANG_WARN_INFINITE_RECURSION = YES;
				CLANG_WARN_INT_CONVERSION = YES;
				CLANG_WARN_NON_LITERAL_NULL_CONVERSION = YES;
				CLANG_WARN_OBJC_IMPLICIT_RETAIN_SELF = YES;
				CLANG_WARN_OBJC_LITERAL_CONVERSION = YES;
				CLANG_WARN_OBJC_ROOT_CLASS = YES_ERROR;
				CLANG_WARN_QUOTED_INCLUDE_IN_FRAMEWORK_HEADER = YES;
				CLANG_WARN_RANGE_LOOP_ANALYSIS = YES;
				CLANG_WARN_STRICT_PROTOTYPES = YES;
				CLANG_WARN_SUSPICIOUS_MOVE = YES;
				CLANG_WARN_UNGUARDED_AVAILABILITY = YES_AGGRESSIVE;
				CLANG_WARN_UNREACHABLE_CODE = YES;
				CLANG_WARN__DUPLICATE_METHOD_MATCH = YES;
				COPY_PHASE_STRIP = NO;
				DEBUG_INFORMATION_FORMAT = "dwarf-with-dsym";
				ENABLE_NS_ASSERTIONS = NO;
				ENABLE_STRICT_OBJC_MSGSEND = YES;
				GCC_C_LANGUAGE_STANDARD = gnu11;
				GCC_NO_COMMON_BLOCKS = YES;
				GCC_WARN_64_TO_32_BIT_CONVERSION = YES;
				GCC_WARN_ABOUT_RETURN_TYPE = YES_ERROR;
				GCC_WARN_UNDECLARED_SELECTOR = YES;
				GCC_WARN_UNINITIALIZED_AUTOS = YES_AGGRESSIVE;
				GCC_WARN_UNUSED_FUNCTION = YES;
				GCC_WARN_UNUSED_VARIABLE = YES;
				IPHONEOS_DEPLOYMENT_TARGET = 14.1;
				MTL_ENABLE_DEBUG_INFO = NO;
				MTL_FAST_MATH = YES;
				SDKROOT = iphoneos;
				SWIFT_COMPILATION_MODE = wholemodule;
				SWIFT_OPTIMIZATION_LEVEL = "-O";
				VALIDATE_PRODUCT = YES;
			};
			name = Release;
		};
		42298FFC255331E800995C83 /* Debug */ = {
			isa = XCBuildConfiguration;
			buildSettings = {
				ASSETCATALOG_COMPILER_APPICON_NAME = AppIcon;
				ASSETCATALOG_COMPILER_GLOBAL_ACCENT_COLOR_NAME = AccentColor;
				CODE_SIGN_STYLE = Automatic;
				DEVELOPMENT_TEAM = A4GXF9QSRB;
				INFOPLIST_FILE = SegueApp/Info.plist;
				LD_RUNPATH_SEARCH_PATHS = (
					"$(inherited)",
					"@executable_path/Frameworks",
				);
				PRODUCT_BUNDLE_IDENTIFIER = aoguz.SegueApp;
				PRODUCT_NAME = "$(TARGET_NAME)";
				SWIFT_VERSION = 5.0;
				TARGETED_DEVICE_FAMILY = "1,2";
			};
			name = Debug;
		};
		42298FFD255331E800995C83 /* Release */ = {
			isa = XCBuildConfiguration;
			buildSettings = {
				ASSETCATALOG_COMPILER_APPICON_NAME = AppIcon;
				ASSETCATALOG_COMPILER_GLOBAL_ACCENT_COLOR_NAME = AccentColor;
				CODE_SIGN_STYLE = Automatic;
				DEVELOPMENT_TEAM = A4GXF9QSRB;
				INFOPLIST_FILE = SegueApp/Info.plist;
				LD_RUNPATH_SEARCH_PATHS = (
					"$(inherited)",
					"@executable_path/Frameworks",
				);
				PRODUCT_BUNDLE_IDENTIFIER = aoguz.SegueApp;
				PRODUCT_NAME = "$(TARGET_NAME)";
				SWIFT_VERSION = 5.0;
				TARGETED_DEVICE_FAMILY = "1,2";
			};
			name = Release;
		};
		42298FFF255331E800995C83 /* Debug */ = {
			isa = XCBuildConfiguration;
			buildSettings = {
				ALWAYS_EMBED_SWIFT_STANDARD_LIBRARIES = YES;
				BUNDLE_LOADER = "$(TEST_HOST)";
				CODE_SIGN_STYLE = Automatic;
				DEVELOPMENT_TEAM = A4GXF9QSRB;
				INFOPLIST_FILE = SegueAppTests/Info.plist;
				IPHONEOS_DEPLOYMENT_TARGET = 14.1;
				LD_RUNPATH_SEARCH_PATHS = (
					"$(inherited)",
					"@executable_path/Frameworks",
					"@loader_path/Frameworks",
				);
				PRODUCT_BUNDLE_IDENTIFIER = aoguz.SegueAppTests;
				PRODUCT_NAME = "$(TARGET_NAME)";
				SWIFT_VERSION = 5.0;
				TARGETED_DEVICE_FAMILY = "1,2";
				TEST_HOST = "$(BUILT_PRODUCTS_DIR)/SegueApp.app/SegueApp";
			};
			name = Debug;
		};
		42299000255331E800995C83 /* Release */ = {
			isa = XCBuildConfiguration;
			buildSettings = {
				ALWAYS_EMBED_SWIFT_STANDARD_LIBRARIES = YES;
				BUNDLE_LOADER = "$(TEST_HOST)";
				CODE_SIGN_STYLE = Automatic;
				DEVELOPMENT_TEAM = A4GXF9QSRB;
				INFOPLIST_FILE = SegueAppTests/Info.plist;
				IPHONEOS_DEPLOYMENT_TARGET = 14.1;
				LD_RUNPATH_SEARCH_PATHS = (
					"$(inherited)",
					"@executable_path/Frameworks",
					"@loader_path/Frameworks",
				);
				PRODUCT_BUNDLE_IDENTIFIER = aoguz.SegueAppTests;
				PRODUCT_NAME = "$(TARGET_NAME)";
				SWIFT_VERSION = 5.0;
				TARGETED_DEVICE_FAMILY = "1,2";
				TEST_HOST = "$(BUILT_PRODUCTS_DIR)/SegueApp.app/SegueApp";
			};
			name = Release;
		};
		42299002255331E800995C83 /* Debug */ = {
			isa = XCBuildConfiguration;
			buildSettings = {
				ALWAYS_EMBED_SWIFT_STANDARD_LIBRARIES = YES;
				CODE_SIGN_STYLE = Automatic;
				DEVELOPMENT_TEAM = A4GXF9QSRB;
				INFOPLIST_FILE = SegueAppUITests/Info.plist;
				LD_RUNPATH_SEARCH_PATHS = (
					"$(inherited)",
					"@executable_path/Frameworks",
					"@loader_path/Frameworks",
				);
				PRODUCT_BUNDLE_IDENTIFIER = aoguz.SegueAppUITests;
				PRODUCT_NAME = "$(TARGET_NAME)";
				SWIFT_VERSION = 5.0;
				TARGETED_DEVICE_FAMILY = "1,2";
				TEST_TARGET_NAME = SegueApp;
			};
			name = Debug;
		};
		42299003255331E800995C83 /* Release */ = {
			isa = XCBuildConfiguration;
			buildSettings = {
				ALWAYS_EMBED_SWIFT_STANDARD_LIBRARIES = YES;
				CODE_SIGN_STYLE = Automatic;
				DEVELOPMENT_TEAM = A4GXF9QSRB;
				INFOPLIST_FILE = SegueAppUITests/Info.plist;
				LD_RUNPATH_SEARCH_PATHS = (
					"$(inherited)",
					"@executable_path/Frameworks",
					"@loader_path/Frameworks",
				);
				PRODUCT_BUNDLE_IDENTIFIER = aoguz.SegueAppUITests;
				PRODUCT_NAME = "$(TARGET_NAME)";
				SWIFT_VERSION = 5.0;
				TARGETED_DEVICE_FAMILY = "1,2";
				TEST_TARGET_NAME = SegueApp;
			};
			name = Release;
		};
/* End XCBuildConfiguration section */

/* Begin XCConfigurationList section */
		42298FCC255331E100995C83 /* Build configuration list for PBXProject "SegueApp" */ = {
			isa = XCConfigurationList;
			buildConfigurations = (
				42298FF9255331E800995C83 /* Debug */,
				42298FFA255331E800995C83 /* Release */,
			);
			defaultConfigurationIsVisible = 0;
			defaultConfigurationName = Release;
		};
		42298FFB255331E800995C83 /* Build configuration list for PBXNativeTarget "SegueApp" */ = {
			isa = XCConfigurationList;
			buildConfigurations = (
				42298FFC255331E800995C83 /* Debug */,
				42298FFD255331E800995C83 /* Release */,
			);
			defaultConfigurationIsVisible = 0;
			defaultConfigurationName = Release;
		};
		42298FFE255331E800995C83 /* Build configuration list for PBXNativeTarget "SegueAppTests" */ = {
			isa = XCConfigurationList;
			buildConfigurations = (
				42298FFF255331E800995C83 /* Debug */,
				42299000255331E800995C83 /* Release */,
			);
			defaultConfigurationIsVisible = 0;
			defaultConfigurationName = Release;
		};
		42299001255331E800995C83 /* Build configuration list for PBXNativeTarget "SegueAppUITests" */ = {
			isa = XCConfigurationList;
			buildConfigurations = (
				42299002255331E800995C83 /* Debug */,
				42299003255331E800995C83 /* Release */,
			);
			defaultConfigurationIsVisible = 0;
			defaultConfigurationName = Release;
		};
/* End XCConfigurationList section */
	};
	rootObject = 42298FC9255331E100995C83 /* Project object */;
}
